
Microsoft Visual Studio Solution File, Format Version 12.00
# Visual Studio Version 16
VisualStudioVersion = 16.0.31424.327
MinimumVisualStudioVersion = 10.0.40219.1
Project("{9A19103F-16F7-4668-BE54-9A1E7A4F7556}") = "StuffKartProject", "StuffKartProject\StuffKartProject.csproj", "{7B01D5FE-02C2-49F6-81FA-572645A744CC}"
EndProject
Project("{9A19103F-16F7-4668-BE54-9A1E7A4F7556}") = "StuffKartTests", "StuffKartTests\StuffKartTests.csproj", "{E9F517E3-A5FB-44DE-92CC-A44D04AF0D41}"
EndProject
Project("{FAE04EC0-301F-11D3-BF4B-00C04F79EFBC}") = "StuffKartProject.AcceptanceTests", "StuffKart.AcceptanceTests\StuffKartProject.AcceptanceTests.csproj", "{027B9C6B-0311-4984-85C1-9E25C0C1E7B0}"
EndProject
Global
	GlobalSection(SolutionConfigurationPlatforms) = preSolution
		Debug|Any CPU = Debug|Any CPU
		Release|Any CPU = Release|Any CPU
	EndGlobalSection
	GlobalSection(ProjectConfigurationPlatforms) = postSolution
		{7B01D5FE-02C2-49F6-81FA-572645A744CC}.Debug|Any CPU.ActiveCfg = Debug|Any CPU
		{7B01D5FE-02C2-49F6-81FA-572645A744CC}.Debug|Any CPU.Build.0 = Debug|Any CPU
		{7B01D5FE-02C2-49F6-81FA-572645A744CC}.Release|Any CPU.ActiveCfg = Release|Any CPU
		{7B01D5FE-02C2-49F6-81FA-572645A744CC}.Release|Any CPU.Build.0 = Release|Any CPU
		{E9F517E3-A5FB-44DE-92CC-A44D04AF0D41}.Debug|Any CPU.ActiveCfg = Debug|Any CPU
		{E9F517E3-A5FB-44DE-92CC-A44D04AF0D41}.Debug|Any CPU.Build.0 = Debug|Any CPU
		{E9F517E3-A5FB-44DE-92CC-A44D04AF0D41}.Release|Any CPU.ActiveCfg = Release|Any CPU
		{E9F517E3-A5FB-44DE-92CC-A44D04AF0D41}.Release|Any CPU.Build.0 = Release|Any CPU
		{027B9C6B-0311-4984-85C1-9E25C0C1E7B0}.Debug|Any CPU.ActiveCfg = Debug|Any CPU
		{027B9C6B-0311-4984-85C1-9E25C0C1E7B0}.Debug|Any CPU.Build.0 = Debug|Any CPU
		{027B9C6B-0311-4984-85C1-9E25C0C1E7B0}.Release|Any CPU.ActiveCfg = Release|Any CPU
		{027B9C6B-0311-4984-85C1-9E25C0C1E7B0}.Release|Any CPU.Build.0 = Release|Any CPU
	EndGlobalSection
	GlobalSection(SolutionProperties) = preSolution
		HideSolutionNode = FALSE
	EndGlobalSection
	GlobalSection(ExtensibilityGlobals) = postSolution
		SolutionGuid = {5814F508-8AEE-4122-8983-235F5F8F5793}
	EndGlobalSection
EndGlobal
